// !$*UTF8*$!
{
	archiveVersion = 1;
	classes = {
	};
	objectVersion = 56;
	objects = {

/* Begin PBXBuildFile section */
		2912DA2C2B753A6D000EEB4C /* challengeView.swift in Sources */ = {isa = PBXBuildFile; fileRef = 2912DA2B2B753A6C000EEB4C /* challengeView.swift */; };
		2912DA2E2B753A7C000EEB4C /* challengeViewController.swift in Sources */ = {isa = PBXBuildFile; fileRef = 2912DA2D2B753A7C000EEB4C /* challengeViewController.swift */; };
		295E801A2B688EED00839A41 /* NavigationThirdViewController.swift in Sources */ = {isa = PBXBuildFile; fileRef = 295E80192B688EED00839A41 /* NavigationThirdViewController.swift */; };
		295E801D2B68912800839A41 /* ListSecondView.swift in Sources */ = {isa = PBXBuildFile; fileRef = 295E801C2B68912800839A41 /* ListSecondView.swift */; };
		295E801F2B6892BD00839A41 /* ListSecondViewController.swift in Sources */ = {isa = PBXBuildFile; fileRef = 295E801E2B6892BD00839A41 /* ListSecondViewController.swift */; };
		29668A9C2B66C07E00E6E774 /* HomeViewController.swift in Sources */ = {isa = PBXBuildFile; fileRef = 29668A9B2B66C07E00E6E774 /* HomeViewController.swift */; };
		29668A9E2B66C0A400E6E774 /* HomeView.swift in Sources */ = {isa = PBXBuildFile; fileRef = 29668A9D2B66C0A400E6E774 /* HomeView.swift */; };
		29668AA02B66C0C700E6E774 /* ListView.swift in Sources */ = {isa = PBXBuildFile; fileRef = 29668A9F2B66C0C700E6E774 /* ListView.swift */; };
		29668AA22B66C0D500E6E774 /* ListViewController.swift in Sources */ = {isa = PBXBuildFile; fileRef = 29668AA12B66C0D500E6E774 /* ListViewController.swift */; };
		2974B3E72B67059A000D3B32 /* NavigationView.swift in Sources */ = {isa = PBXBuildFile; fileRef = 2974B3E62B670599000D3B32 /* NavigationView.swift */; };
		2974B3E92B6705A9000D3B32 /* NavigationViewController.swift in Sources */ = {isa = PBXBuildFile; fileRef = 2974B3E82B6705A9000D3B32 /* NavigationViewController.swift */; };
		2974B3EC2B671905000D3B32 /* NavgationSecondView.swift in Sources */ = {isa = PBXBuildFile; fileRef = 2974B3EB2B671905000D3B32 /* NavgationSecondView.swift */; };
		2974B3EE2B67191B000D3B32 /* NavigationSecondViewController.swift in Sources */ = {isa = PBXBuildFile; fileRef = 2974B3ED2B67191B000D3B32 /* NavigationSecondViewController.swift */; };
		2974B3F12B67EDD7000D3B32 /* NavigationThirdView.swift in Sources */ = {isa = PBXBuildFile; fileRef = 2974B3F02B67EDD7000D3B32 /* NavigationThirdView.swift */; };
		2974B3F52B67EE61000D3B32 /* ListThirdView.swift in Sources */ = {isa = PBXBuildFile; fileRef = 2974B3F42B67EE61000D3B32 /* ListThirdView.swift */; };
		2974B3F72B67EE7E000D3B32 /* ListThirdViewController.swift in Sources */ = {isa = PBXBuildFile; fileRef = 2974B3F62B67EE7E000D3B32 /* ListThirdViewController.swift */; };
		2974B3FA2B67EF57000D3B32 /* HomeSecondView.swift in Sources */ = {isa = PBXBuildFile; fileRef = 2974B3F92B67EF57000D3B32 /* HomeSecondView.swift */; };
		2974B3FC2B67EF80000D3B32 /* HomeSecondViewController.swift in Sources */ = {isa = PBXBuildFile; fileRef = 2974B3FB2B67EF80000D3B32 /* HomeSecondViewController.swift */; };
		297C791F2B7A8A9900AC7A1D /* keyboardManager.swift in Sources */ = {isa = PBXBuildFile; fileRef = 297C791E2B7A8A9900AC7A1D /* keyboardManager.swift */; };
		29A8BA3B2B63082A00238C97 /* AppDelegate.swift in Sources */ = {isa = PBXBuildFile; fileRef = 29A8BA3A2B63082A00238C97 /* AppDelegate.swift */; };
		29A8BA3D2B63082A00238C97 /* SceneDelegate.swift in Sources */ = {isa = PBXBuildFile; fileRef = 29A8BA3C2B63082A00238C97 /* SceneDelegate.swift */; };
		29A8BA3F2B63082A00238C97 /* ViewController.swift in Sources */ = {isa = PBXBuildFile; fileRef = 29A8BA3E2B63082A00238C97 /* ViewController.swift */; };
		29A8BA422B63082A00238C97 /* Main.storyboard in Resources */ = {isa = PBXBuildFile; fileRef = 29A8BA402B63082A00238C97 /* Main.storyboard */; };
		29A8BA442B63082C00238C97 /* Assets.xcassets in Resources */ = {isa = PBXBuildFile; fileRef = 29A8BA432B63082C00238C97 /* Assets.xcassets */; };
		29A8BA472B63082C00238C97 /* LaunchScreen.storyboard in Resources */ = {isa = PBXBuildFile; fileRef = 29A8BA452B63082C00238C97 /* LaunchScreen.storyboard */; };
		29A8BA502B63086A00238C97 /* InitView.swift in Sources */ = {isa = PBXBuildFile; fileRef = 29A8BA4F2B63086A00238C97 /* InitView.swift */; };
		29A8BA522B63089800238C97 /* InitViewController.swift in Sources */ = {isa = PBXBuildFile; fileRef = 29A8BA512B63089800238C97 /* InitViewController.swift */; };
/* End PBXBuildFile section */

/* Begin PBXFileReference section */
		2912DA2B2B753A6C000EEB4C /* challengeView.swift */ = {isa = PBXFileReference; lastKnownFileType = sourcecode.swift; path = challengeView.swift; sourceTree = "<group>"; };
		2912DA2D2B753A7C000EEB4C /* challengeViewController.swift */ = {isa = PBXFileReference; lastKnownFileType = sourcecode.swift; path = challengeViewController.swift; sourceTree = "<group>"; };
		295E80192B688EED00839A41 /* NavigationThirdViewController.swift */ = {isa = PBXFileReference; lastKnownFileType = sourcecode.swift; path = NavigationThirdViewController.swift; sourceTree = "<group>"; };
		295E801C2B68912800839A41 /* ListSecondView.swift */ = {isa = PBXFileReference; lastKnownFileType = sourcecode.swift; path = ListSecondView.swift; sourceTree = "<group>"; };
		295E801E2B6892BD00839A41 /* ListSecondViewController.swift */ = {isa = PBXFileReference; lastKnownFileType = sourcecode.swift; path = ListSecondViewController.swift; sourceTree = "<group>"; };
		29668A9B2B66C07E00E6E774 /* HomeViewController.swift */ = {isa = PBXFileReference; lastKnownFileType = sourcecode.swift; path = HomeViewController.swift; sourceTree = "<group>"; };
		29668A9D2B66C0A400E6E774 /* HomeView.swift */ = {isa = PBXFileReference; lastKnownFileType = sourcecode.swift; path = HomeView.swift; sourceTree = "<group>"; };
		29668A9F2B66C0C700E6E774 /* ListView.swift */ = {isa = PBXFileReference; lastKnownFileType = sourcecode.swift; path = ListView.swift; sourceTree = "<group>"; };
		29668AA12B66C0D500E6E774 /* ListViewController.swift */ = {isa = PBXFileReference; lastKnownFileType = sourcecode.swift; path = ListViewController.swift; sourceTree = "<group>"; };
		2974B3E62B670599000D3B32 /* NavigationView.swift */ = {isa = PBXFileReference; lastKnownFileType = sourcecode.swift; path = NavigationView.swift; sourceTree = "<group>"; };
		2974B3E82B6705A9000D3B32 /* NavigationViewController.swift */ = {isa = PBXFileReference; lastKnownFileType = sourcecode.swift; path = NavigationViewController.swift; sourceTree = "<group>"; };
		2974B3EB2B671905000D3B32 /* NavgationSecondView.swift */ = {isa = PBXFileReference; lastKnownFileType = sourcecode.swift; path = NavgationSecondView.swift; sourceTree = "<group>"; };
		2974B3ED2B67191B000D3B32 /* NavigationSecondViewController.swift */ = {isa = PBXFileReference; lastKnownFileType = sourcecode.swift; path = NavigationSecondViewController.swift; sourceTree = "<group>"; };
		2974B3F02B67EDD7000D3B32 /* NavigationThirdView.swift */ = {isa = PBXFileReference; lastKnownFileType = sourcecode.swift; path = NavigationThirdView.swift; sourceTree = "<group>"; };
		2974B3F42B67EE61000D3B32 /* ListThirdView.swift */ = {isa = PBXFileReference; lastKnownFileType = sourcecode.swift; path = ListThirdView.swift; sourceTree = "<group>"; };
		2974B3F62B67EE7E000D3B32 /* ListThirdViewController.swift */ = {isa = PBXFileReference; lastKnownFileType = sourcecode.swift; path = ListThirdViewController.swift; sourceTree = "<group>"; };
		2974B3F92B67EF57000D3B32 /* HomeSecondView.swift */ = {isa = PBXFileReference; lastKnownFileType = sourcecode.swift; path = HomeSecondView.swift; sourceTree = "<group>"; };
		2974B3FB2B67EF80000D3B32 /* HomeSecondViewController.swift */ = {isa = PBXFileReference; lastKnownFileType = sourcecode.swift; path = HomeSecondViewController.swift; sourceTree = "<group>"; };
		297C791E2B7A8A9900AC7A1D /* keyboardManager.swift */ = {isa = PBXFileReference; lastKnownFileType = sourcecode.swift; path = keyboardManager.swift; sourceTree = "<group>"; };
		29A8BA372B63082A00238C97 /* Constraints.app */ = {isa = PBXFileReference; explicitFileType = wrapper.application; includeInIndex = 0; path = Constraints.app; sourceTree = BUILT_PRODUCTS_DIR; };
		29A8BA3A2B63082A00238C97 /* AppDelegate.swift */ = {isa = PBXFileReference; lastKnownFileType = sourcecode.swift; path = AppDelegate.swift; sourceTree = "<group>"; };
		29A8BA3C2B63082A00238C97 /* SceneDelegate.swift */ = {isa = PBXFileReference; lastKnownFileType = sourcecode.swift; path = SceneDelegate.swift; sourceTree = "<group>"; };
		29A8BA3E2B63082A00238C97 /* ViewController.swift */ = {isa = PBXFileReference; lastKnownFileType = sourcecode.swift; path = ViewController.swift; sourceTree = "<group>"; };
		29A8BA412B63082A00238C97 /* Base */ = {isa = PBXFileReference; lastKnownFileType = file.storyboard; name = Base; path = Base.lproj/Main.storyboard; sourceTree = "<group>"; };
		29A8BA432B63082C00238C97 /* Assets.xcassets */ = {isa = PBXFileReference; lastKnownFileType = folder.assetcatalog; path = Assets.xcassets; sourceTree = "<group>"; };
		29A8BA462B63082C00238C97 /* Base */ = {isa = PBXFileReference; lastKnownFileType = file.storyboard; name = Base; path = Base.lproj/LaunchScreen.storyboard; sourceTree = "<group>"; };
		29A8BA482B63082C00238C97 /* Info.plist */ = {isa = PBXFileReference; lastKnownFileType = text.plist.xml; path = Info.plist; sourceTree = "<group>"; };
		29A8BA4F2B63086A00238C97 /* InitView.swift */ = {isa = PBXFileReference; lastKnownFileType = sourcecode.swift; path = InitView.swift; sourceTree = "<group>"; };
		29A8BA512B63089800238C97 /* InitViewController.swift */ = {isa = PBXFileReference; lastKnownFileType = sourcecode.swift; path = InitViewController.swift; sourceTree = "<group>"; };
/* End PBXFileReference section */

/* Begin PBXFrameworksBuildPhase section */
		29A8BA342B63082A00238C97 /* Frameworks */ = {
			isa = PBXFrameworksBuildPhase;
			buildActionMask = 2147483647;
			files = (
			);
			runOnlyForDeploymentPostprocessing = 0;
		};
/* End PBXFrameworksBuildPhase section */

/* Begin PBXGroup section */
		2912DA2A2B753A48000EEB4C /* challenge */ = {
			isa = PBXGroup;
			children = (
				2912DA2B2B753A6C000EEB4C /* challengeView.swift */,
				2912DA2D2B753A7C000EEB4C /* challengeViewController.swift */,
			);
			path = challenge;
			sourceTree = "<group>";
		};
		295E801B2B6890FB00839A41 /* ListSecondView */ = {
			isa = PBXGroup;
			children = (
				295E801C2B68912800839A41 /* ListSecondView.swift */,
				295E801E2B6892BD00839A41 /* ListSecondViewController.swift */,
			);
			path = ListSecondView;
			sourceTree = "<group>";
		};
		29668A982B66BFA400E6E774 /* Home */ = {
			isa = PBXGroup;
			children = (
				29668A9B2B66C07E00E6E774 /* HomeViewController.swift */,
				29668A9D2B66C0A400E6E774 /* HomeView.swift */,
			);
			path = Home;
			sourceTree = "<group>";
		};
		29668A992B66BFB300E6E774 /* List */ = {
			isa = PBXGroup;
			children = (
				29668A9F2B66C0C700E6E774 /* ListView.swift */,
				29668AA12B66C0D500E6E774 /* ListViewController.swift */,
			);
			path = List;
			sourceTree = "<group>";
		};
		29668A9A2B66BFEE00E6E774 /* Scenes */ = {
			isa = PBXGroup;
			children = (
				297C791E2B7A8A9900AC7A1D /* keyboardManager.swift */,
				2912DA2A2B753A48000EEB4C /* challenge */,
				2974B3F32B67EE2E000D3B32 /* ListThirdView */,
				295E801B2B6890FB00839A41 /* ListSecondView */,
				2974B3F82B67EF2B000D3B32 /* HomeSecondView */,
				2974B3EF2B67ED97000D3B32 /* NavigationThirdView */,
				2974B3EA2B6718BC000D3B32 /* NavigationSecondView */,
				2974B3E52B670583000D3B32 /* NavigationView */,
				29A8BA4E2B63083F00238C97 /* Init */,
				29668A982B66BFA400E6E774 /* Home */,
				29668A992B66BFB300E6E774 /* List */,
			);
			path = Scenes;
			sourceTree = "<group>";
		};
		2974B3E52B670583000D3B32 /* NavigationView */ = {
			isa = PBXGroup;
			children = (
				2974B3E62B670599000D3B32 /* NavigationView.swift */,
				2974B3E82B6705A9000D3B32 /* NavigationViewController.swift */,
			);
			path = NavigationView;
			sourceTree = "<group>";
		};
		2974B3EA2B6718BC000D3B32 /* NavigationSecondView */ = {
			isa = PBXGroup;
			children = (
				2974B3EB2B671905000D3B32 /* NavgationSecondView.swift */,
				2974B3ED2B67191B000D3B32 /* NavigationSecondViewController.swift */,
			);
			path = NavigationSecondView;
			sourceTree = "<group>";
		};
		2974B3EF2B67ED97000D3B32 /* NavigationThirdView */ = {
			isa = PBXGroup;
			children = (
				2974B3F02B67EDD7000D3B32 /* NavigationThirdView.swift */,
				295E80192B688EED00839A41 /* NavigationThirdViewController.swift */,
			);
			path = NavigationThirdView;
			sourceTree = "<group>";
		};
		2974B3F32B67EE2E000D3B32 /* ListThirdView */ = {
			isa = PBXGroup;
			children = (
				2974B3F42B67EE61000D3B32 /* ListThirdView.swift */,
				2974B3F62B67EE7E000D3B32 /* ListThirdViewController.swift */,
			);
			path = ListThirdView;
			sourceTree = "<group>";
		};
		2974B3F82B67EF2B000D3B32 /* HomeSecondView */ = {
			isa = PBXGroup;
			children = (
				2974B3F92B67EF57000D3B32 /* HomeSecondView.swift */,
				2974B3FB2B67EF80000D3B32 /* HomeSecondViewController.swift */,
			);
			path = HomeSecondView;
			sourceTree = "<group>";
		};
		29A8BA2E2B63082A00238C97 = {
			isa = PBXGroup;
			children = (
				29A8BA392B63082A00238C97 /* Constraints */,
				29A8BA382B63082A00238C97 /* Products */,
			);
			sourceTree = "<group>";
		};
		29A8BA382B63082A00238C97 /* Products */ = {
			isa = PBXGroup;
			children = (
				29A8BA372B63082A00238C97 /* Constraints.app */,
			);
			name = Products;
			sourceTree = "<group>";
		};
		29A8BA392B63082A00238C97 /* Constraints */ = {
			isa = PBXGroup;
			children = (
				29668A9A2B66BFEE00E6E774 /* Scenes */,
				29A8BA3A2B63082A00238C97 /* AppDelegate.swift */,
				29A8BA3C2B63082A00238C97 /* SceneDelegate.swift */,
				29A8BA3E2B63082A00238C97 /* ViewController.swift */,
				29A8BA402B63082A00238C97 /* Main.storyboard */,
				29A8BA432B63082C00238C97 /* Assets.xcassets */,
				29A8BA452B63082C00238C97 /* LaunchScreen.storyboard */,
				29A8BA482B63082C00238C97 /* Info.plist */,
			);
			path = Constraints;
			sourceTree = "<group>";
		};
		29A8BA4E2B63083F00238C97 /* Init */ = {
			isa = PBXGroup;
			children = (
				29A8BA4F2B63086A00238C97 /* InitView.swift */,
				29A8BA512B63089800238C97 /* InitViewController.swift */,
			);
			path = Init;
			sourceTree = "<group>";
		};
/* End PBXGroup section */

/* Begin PBXNativeTarget section */
		29A8BA362B63082A00238C97 /* Constraints */ = {
			isa = PBXNativeTarget;
			buildConfigurationList = 29A8BA4B2B63082C00238C97 /* Build configuration list for PBXNativeTarget "Constraints" */;
			buildPhases = (
				29A8BA332B63082A00238C97 /* Sources */,
				29A8BA342B63082A00238C97 /* Frameworks */,
				29A8BA352B63082A00238C97 /* Resources */,
			);
			buildRules = (
			);
			dependencies = (
			);
			name = Constraints;
			productName = Constraints;
			productReference = 29A8BA372B63082A00238C97 /* Constraints.app */;
			productType = "com.apple.product-type.application";
		};
/* End PBXNativeTarget section */

/* Begin PBXProject section */
		29A8BA2F2B63082A00238C97 /* Project object */ = {
			isa = PBXProject;
			attributes = {
				BuildIndependentTargetsInParallel = 1;
				LastSwiftUpdateCheck = 1520;
				LastUpgradeCheck = 1520;
				TargetAttributes = {
					29A8BA362B63082A00238C97 = {
						CreatedOnToolsVersion = 15.2;
					};
				};
			};
			buildConfigurationList = 29A8BA322B63082A00238C97 /* Build configuration list for PBXProject "Constraints" */;
			compatibilityVersion = "Xcode 14.0";
			developmentRegion = en;
			hasScannedForEncodings = 0;
			knownRegions = (
				en,
				Base,
			);
			mainGroup = 29A8BA2E2B63082A00238C97;
			productRefGroup = 29A8BA382B63082A00238C97 /* Products */;
			projectDirPath = "";
			projectRoot = "";
			targets = (
				29A8BA362B63082A00238C97 /* Constraints */,
			);
		};
/* End PBXProject section */

/* Begin PBXResourcesBuildPhase section */
		29A8BA352B63082A00238C97 /* Resources */ = {
			isa = PBXResourcesBuildPhase;
			buildActionMask = 2147483647;
			files = (
				29A8BA472B63082C00238C97 /* LaunchScreen.storyboard in Resources */,
				29A8BA442B63082C00238C97 /* Assets.xcassets in Resources */,
				29A8BA422B63082A00238C97 /* Main.storyboard in Resources */,
			);
			runOnlyForDeploymentPostprocessing = 0;
		};
/* End PBXResourcesBuildPhase section */

/* Begin PBXSourcesBuildPhase section */
		29A8BA332B63082A00238C97 /* Sources */ = {
			isa = PBXSourcesBuildPhase;
			buildActionMask = 2147483647;
			files = (
				2912DA2C2B753A6D000EEB4C /* challengeView.swift in Sources */,
				29668AA02B66C0C700E6E774 /* ListView.swift in Sources */,
				295E801A2B688EED00839A41 /* NavigationThirdViewController.swift in Sources */,
				295E801D2B68912800839A41 /* ListSecondView.swift in Sources */,
				297C791F2B7A8A9900AC7A1D /* keyboardManager.swift in Sources */,
				29A8BA3F2B63082A00238C97 /* ViewController.swift in Sources */,
				29668A9E2B66C0A400E6E774 /* HomeView.swift in Sources */,
				2912DA2E2B753A7C000EEB4C /* challengeViewController.swift in Sources */,
				29A8BA3B2B63082A00238C97 /* AppDelegate.swift in Sources */,
				2974B3EE2B67191B000D3B32 /* NavigationSecondViewController.swift in Sources */,
				295E801F2B6892BD00839A41 /* ListSecondViewController.swift in Sources */,
				29A8BA3D2B63082A00238C97 /* SceneDelegate.swift in Sources */,
				2974B3EC2B671905000D3B32 /* NavgationSecondView.swift in Sources */,
				2974B3E92B6705A9000D3B32 /* NavigationViewController.swift in Sources */,
				2974B3FC2B67EF80000D3B32 /* HomeSecondViewController.swift in Sources */,
				2974B3FA2B67EF57000D3B32 /* HomeSecondView.swift in Sources */,
				2974B3F52B67EE61000D3B32 /* ListThirdView.swift in Sources */,
				29668AA22B66C0D500E6E774 /* ListViewController.swift in Sources */,
				2974B3F12B67EDD7000D3B32 /* NavigationThirdView.swift in Sources */,
				2974B3F72B67EE7E000D3B32 /* ListThirdViewController.swift in Sources */,
				2974B3E72B67059A000D3B32 /* NavigationView.swift in Sources */,
				29A8BA502B63086A00238C97 /* InitView.swift in Sources */,
				29A8BA522B63089800238C97 /* InitViewController.swift in Sources */,
				29668A9C2B66C07E00E6E774 /* HomeViewController.swift in Sources */,
			);
			runOnlyForDeploymentPostprocessing = 0;
		};
/* End PBXSourcesBuildPhase section */

/* Begin PBXVariantGroup section */
		29A8BA402B63082A00238C97 /* Main.storyboard */ = {
			isa = PBXVariantGroup;
			children = (
				29A8BA412B63082A00238C97 /* Base */,
			);
			name = Main.storyboard;
			sourceTree = "<group>";
		};
		29A8BA452B63082C00238C97 /* LaunchScreen.storyboard */ = {
			isa = PBXVariantGroup;
			children = (
				29A8BA462B63082C00238C97 /* Base */,
			);
			name = LaunchScreen.storyboard;
			sourceTree = "<group>";
		};
/* End PBXVariantGroup section */

/* Begin XCBuildConfiguration section */
		29A8BA492B63082C00238C97 /* Debug */ = {
			isa = XCBuildConfiguration;
			buildSettings = {
				ALWAYS_SEARCH_USER_PATHS = NO;
				ASSETCATALOG_COMPILER_GENERATE_SWIFT_ASSET_SYMBOL_EXTENSIONS = YES;
				CLANG_ANALYZER_NONNULL = YES;
				CLANG_ANALYZER_NUMBER_OBJECT_CONVERSION = YES_AGGRESSIVE;
				CLANG_CXX_LANGUAGE_STANDARD = "gnu++20";
				CLANG_ENABLE_MODULES = YES;
				CLANG_ENABLE_OBJC_ARC = YES;
				CLANG_ENABLE_OBJC_WEAK = YES;
				CLANG_WARN_BLOCK_CAPTURE_AUTORELEASING = YES;
				CLANG_WARN_BOOL_CONVERSION = YES;
				CLANG_WARN_COMMA = YES;
				CLANG_WARN_CONSTANT_CONVERSION = YES;
				CLANG_WARN_DEPRECATED_OBJC_IMPLEMENTATIONS = YES;
				CLANG_WARN_DIRECT_OBJC_ISA_USAGE = YES_ERROR;
				CLANG_WARN_DOCUMENTATION_COMMENTS = YES;
				CLANG_WARN_EMPTY_BODY = YES;
				CLANG_WARN_ENUM_CONVERSION = YES;
				CLANG_WARN_INFINITE_RECURSION = YES;
				CLANG_WARN_INT_CONVERSION = YES;
				CLANG_WARN_NON_LITERAL_NULL_CONVERSION = YES;
				CLANG_WARN_OBJC_IMPLICIT_RETAIN_SELF = YES;
				CLANG_WARN_OBJC_LITERAL_CONVERSION = YES;
				CLANG_WARN_OBJC_ROOT_CLASS = YES_ERROR;
				CLANG_WARN_QUOTED_INCLUDE_IN_FRAMEWORK_HEADER = YES;
				CLANG_WARN_RANGE_LOOP_ANALYSIS = YES;
				CLANG_WARN_STRICT_PROTOTYPES = YES;
				CLANG_WARN_SUSPICIOUS_MOVE = YES;
				CLANG_WARN_UNGUARDED_AVAILABILITY = YES_AGGRESSIVE;
				CLANG_WARN_UNREACHABLE_CODE = YES;
				CLANG_WARN__DUPLICATE_METHOD_MATCH = YES;
				COPY_PHASE_STRIP = NO;
				DEBUG_INFORMATION_FORMAT = dwarf;
				ENABLE_STRICT_OBJC_MSGSEND = YES;
				ENABLE_TESTABILITY = YES;
				ENABLE_USER_SCRIPT_SANDBOXING = YES;
				GCC_C_LANGUAGE_STANDARD = gnu17;
				GCC_DYNAMIC_NO_PIC = NO;
				GCC_NO_COMMON_BLOCKS = YES;
				GCC_OPTIMIZATION_LEVEL = 0;
				GCC_PREPROCESSOR_DEFINITIONS = (
					"DEBUG=1",
					"$(inherited)",
				);
				GCC_WARN_64_TO_32_BIT_CONVERSION = YES;
				GCC_WARN_ABOUT_RETURN_TYPE = YES_ERROR;
				GCC_WARN_UNDECLARED_SELECTOR = YES;
				GCC_WARN_UNINITIALIZED_AUTOS = YES_AGGRESSIVE;
				GCC_WARN_UNUSED_FUNCTION = YES;
				GCC_WARN_UNUSED_VARIABLE = YES;
				IPHONEOS_DEPLOYMENT_TARGET = 17.2;
				LOCALIZATION_PREFERS_STRING_CATALOGS = YES;
				MTL_ENABLE_DEBUG_INFO = INCLUDE_SOURCE;
				MTL_FAST_MATH = YES;
				ONLY_ACTIVE_ARCH = YES;
				SDKROOT = iphoneos;
				SWIFT_ACTIVE_COMPILATION_CONDITIONS = "DEBUG $(inherited)";
				SWIFT_OPTIMIZATION_LEVEL = "-Onone";
			};
			name = Debug;
		};
		29A8BA4A2B63082C00238C97 /* Release */ = {
			isa = XCBuildConfiguration;
			buildSettings = {
				ALWAYS_SEARCH_USER_PATHS = NO;
				ASSETCATALOG_COMPILER_GENERATE_SWIFT_ASSET_SYMBOL_EXTENSIONS = YES;
				CLANG_ANALYZER_NONNULL = YES;
				CLANG_ANALYZER_NUMBER_OBJECT_CONVERSION = YES_AGGRESSIVE;
				CLANG_CXX_LANGUAGE_STANDARD = "gnu++20";
				CLANG_ENABLE_MODULES = YES;
				CLANG_ENABLE_OBJC_ARC = YES;
				CLANG_ENABLE_OBJC_WEAK = YES;
				CLANG_WARN_BLOCK_CAPTURE_AUTORELEASING = YES;
				CLANG_WARN_BOOL_CONVERSION = YES;
				CLANG_WARN_COMMA = YES;
				CLANG_WARN_CONSTANT_CONVERSION = YES;
				CLANG_WARN_DEPRECATED_OBJC_IMPLEMENTATIONS = YES;
				CLANG_WARN_DIRECT_OBJC_ISA_USAGE = YES_ERROR;
				CLANG_WARN_DOCUMENTATION_COMMENTS = YES;
				CLANG_WARN_EMPTY_BODY = YES;
				CLANG_WARN_ENUM_CONVERSION = YES;
				CLANG_WARN_INFINITE_RECURSION = YES;
				CLANG_WARN_INT_CONVERSION = YES;
				CLANG_WARN_NON_LITERAL_NULL_CONVERSION = YES;
				CLANG_WARN_OBJC_IMPLICIT_RETAIN_SELF = YES;
				CLANG_WARN_OBJC_LITERAL_CONVERSION = YES;
				CLANG_WARN_OBJC_ROOT_CLASS = YES_ERROR;
				CLANG_WARN_QUOTED_INCLUDE_IN_FRAMEWORK_HEADER = YES;
				CLANG_WARN_RANGE_LOOP_ANALYSIS = YES;
				CLANG_WARN_STRICT_PROTOTYPES = YES;
				CLANG_WARN_SUSPICIOUS_MOVE = YES;
				CLANG_WARN_UNGUARDED_AVAILABILITY = YES_AGGRESSIVE;
				CLANG_WARN_UNREACHABLE_CODE = YES;
				CLANG_WARN__DUPLICATE_METHOD_MATCH = YES;
				COPY_PHASE_STRIP = NO;
				DEBUG_INFORMATION_FORMAT = "dwarf-with-dsym";
				ENABLE_NS_ASSERTIONS = NO;
				ENABLE_STRICT_OBJC_MSGSEND = YES;
				ENABLE_USER_SCRIPT_SANDBOXING = YES;
				GCC_C_LANGUAGE_STANDARD = gnu17;
				GCC_NO_COMMON_BLOCKS = YES;
				GCC_WARN_64_TO_32_BIT_CONVERSION = YES;
				GCC_WARN_ABOUT_RETURN_TYPE = YES_ERROR;
				GCC_WARN_UNDECLARED_SELECTOR = YES;
				GCC_WARN_UNINITIALIZED_AUTOS = YES_AGGRESSIVE;
				GCC_WARN_UNUSED_FUNCTION = YES;
				GCC_WARN_UNUSED_VARIABLE = YES;
				IPHONEOS_DEPLOYMENT_TARGET = 17.2;
				LOCALIZATION_PREFERS_STRING_CATALOGS = YES;
				MTL_ENABLE_DEBUG_INFO = NO;
				MTL_FAST_MATH = YES;
				SDKROOT = iphoneos;
				SWIFT_COMPILATION_MODE = wholemodule;
				VALIDATE_PRODUCT = YES;
			};
			name = Release;
		};
		29A8BA4C2B63082C00238C97 /* Debug */ = {
			isa = XCBuildConfiguration;
			buildSettings = {
				ASSETCATALOG_COMPILER_APPICON_NAME = AppIcon;
				ASSETCATALOG_COMPILER_GLOBAL_ACCENT_COLOR_NAME = AccentColor;
				CODE_SIGN_STYLE = Automatic;
				CURRENT_PROJECT_VERSION = 1;
				DEVELOPMENT_TEAM = 39W9F7Z53R;
				GENERATE_INFOPLIST_FILE = YES;
				INFOPLIST_FILE = Constraints/Info.plist;
				INFOPLIST_KEY_UIApplicationSupportsIndirectInputEvents = YES;
				INFOPLIST_KEY_UILaunchStoryboardName = LaunchScreen;
				INFOPLIST_KEY_UIMainStoryboardFile = Main;
				INFOPLIST_KEY_UISupportedInterfaceOrientations_iPad = "UIInterfaceOrientationPortrait UIInterfaceOrientationPortraitUpsideDown UIInterfaceOrientationLandscapeLeft UIInterfaceOrientationLandscapeRight";
				INFOPLIST_KEY_UISupportedInterfaceOrientations_iPhone = "UIInterfaceOrientationPortrait UIInterfaceOrientationLandscapeLeft UIInterfaceOrientationLandscapeRight";
				LD_RUNPATH_SEARCH_PATHS = (
					"$(inherited)",
					"@executable_path/Frameworks",
				);
				MARKETING_VERSION = 1.0;
				PRODUCT_BUNDLE_IDENTIFIER = com.clase.Constraints;
				PRODUCT_NAME = "$(TARGET_NAME)";
				SWIFT_EMIT_LOC_STRINGS = YES;
				SWIFT_VERSION = 5.0;
				TARGETED_DEVICE_FAMILY = "1,2";
			};
			name = Debug;
		};
		29A8BA4D2B63082C00238C97 /* Release */ = {
			isa = XCBuildConfiguration;
			buildSettings = {
				ASSETCATALOG_COMPILER_APPICON_NAME = AppIcon;
				ASSETCATALOG_COMPILER_GLOBAL_ACCENT_COLOR_NAME = AccentColor;
				CODE_SIGN_STYLE = Automatic;
				CURRENT_PROJECT_VERSION = 1;
				DEVELOPMENT_TEAM = 39W9F7Z53R;
				GENERATE_INFOPLIST_FILE = YES;
				INFOPLIST_FILE = Constraints/Info.plist;
				INFOPLIST_KEY_UIApplicationSupportsIndirectInputEvents = YES;
				INFOPLIST_KEY_UILaunchStoryboardName = LaunchScreen;
				INFOPLIST_KEY_UIMainStoryboardFile = Main;
				INFOPLIST_KEY_UISupportedInterfaceOrientations_iPad = "UIInterfaceOrientationPortrait UIInterfaceOrientationPortraitUpsideDown UIInterfaceOrientationLandscapeLeft UIInterfaceOrientationLandscapeRight";
				INFOPLIST_KEY_UISupportedInterfaceOrientations_iPhone = "UIInterfaceOrientationPortrait UIInterfaceOrientationLandscapeLeft UIInterfaceOrientationLandscapeRight";
				LD_RUNPATH_SEARCH_PATHS = (
					"$(inherited)",
					"@executable_path/Frameworks",
				);
				MARKETING_VERSION = 1.0;
				PRODUCT_BUNDLE_IDENTIFIER = com.clase.Constraints;
				PRODUCT_NAME = "$(TARGET_NAME)";
				SWIFT_EMIT_LOC_STRINGS = YES;
				SWIFT_VERSION = 5.0;
				TARGETED_DEVICE_FAMILY = "1,2";
			};
			name = Release;
		};
/* End XCBuildConfiguration section */

/* Begin XCConfigurationList section */
		29A8BA322B63082A00238C97 /* Build configuration list for PBXProject "Constraints" */ = {
			isa = XCConfigurationList;
			buildConfigurations = (
				29A8BA492B63082C00238C97 /* Debug */,
				29A8BA4A2B63082C00238C97 /* Release */,
			);
			defaultConfigurationIsVisible = 0;
			defaultConfigurationName = Release;
		};
		29A8BA4B2B63082C00238C97 /* Build configuration list for PBXNativeTarget "Constraints" */ = {
			isa = XCConfigurationList;
			buildConfigurations = (
				29A8BA4C2B63082C00238C97 /* Debug */,
				29A8BA4D2B63082C00238C97 /* Release */,
			);
			defaultConfigurationIsVisible = 0;
			defaultConfigurationName = Release;
		};
/* End XCConfigurationList section */
	};
	rootObject = 29A8BA2F2B63082A00238C97 /* Project object */;
}
